
Microsoft Visual Studio Solution File, Format Version 12.00
# Visual Studio Version 17
VisualStudioVersion = 17.9.34622.214
MinimumVisualStudioVersion = 10.0.40219.1
Project("{FAE04EC0-301F-11D3-BF4B-00C04F79EFBC}") = "WebApi", "WebApi\WebApi.csproj", "{8D87496D-AC7C-4541-9321-50BF51934250}"
EndProject
Project("{FAE04EC0-301F-11D3-BF4B-00C04F79EFBC}") = "Domain", "Domain\Domain.csproj", "{2D35C7DE-98A2-4021-8C73-149E687B63E4}"
EndProject
Global
	GlobalSection(SolutionConfigurationPlatforms) = preSolution
		Debug|Any CPU = Debug|Any CPU
		Release|Any CPU = Release|Any CPU
	EndGlobalSection
	GlobalSection(ProjectConfigurationPlatforms) = postSolution
		{8D87496D-AC7C-4541-9321-50BF51934250}.Debug|Any CPU.ActiveCfg = Debug|Any CPU
		{8D87496D-AC7C-4541-9321-50BF51934250}.Debug|Any CPU.Build.0 = Debug|Any CPU
		{8D87496D-AC7C-4541-9321-50BF51934250}.Release|Any CPU.ActiveCfg = Release|Any CPU
		{8D87496D-AC7C-4541-9321-50BF51934250}.Release|Any CPU.Build.0 = Release|Any CPU
		{2D35C7DE-98A2-4021-8C73-149E687B63E4}.Debug|Any CPU.ActiveCfg = Debug|Any CPU
		{2D35C7DE-98A2-4021-8C73-149E687B63E4}.Debug|Any CPU.Build.0 = Debug|Any CPU
		{2D35C7DE-98A2-4021-8C73-149E687B63E4}.Release|Any CPU.ActiveCfg = Release|Any CPU
		{2D35C7DE-98A2-4021-8C73-149E687B63E4}.Release|Any CPU.Build.0 = Release|Any CPU
	EndGlobalSection
	GlobalSection(SolutionProperties) = preSolution
		HideSolutionNode = FALSE
	EndGlobalSection
	GlobalSection(ExtensibilityGlobals) = postSolution
		SolutionGuid = {CC19435D-B927-4329-BB25-2F85B986460D}
	EndGlobalSection
EndGlobal
